
Microsoft Visual Studio Solution File, Format Version 12.00
# Visual Studio 15
VisualStudioVersion = 15.0.27703.2026
MinimumVisualStudioVersion = 10.0.40219.1
Project("{FAE04EC0-301F-11D3-BF4B-00C04F79EFBC}") = "BirdRecognizer", "BirdRecognizer\BirdRecognizer.csproj", "{FAE3060E-59CF-40C0-9E9B-6DF68AE1AA0B}"
EndProject
Global
	GlobalSection(SolutionConfigurationPlatforms) = preSolution
		Debug|ARM = Debug|ARM
		Debug|x64 = Debug|x64
		Debug|x86 = Debug|x86
		Release|ARM = Release|ARM
		Release|x64 = Release|x64
		Release|x86 = Release|x86
	EndGlobalSection
	GlobalSection(ProjectConfigurationPlatforms) = postSolution
		{FAE3060E-59CF-40C0-9E9B-6DF68AE1AA0B}.Debug|ARM.ActiveCfg = Debug|ARM
		{FAE3060E-59CF-40C0-9E9B-6DF68AE1AA0B}.Debug|ARM.Build.0 = Debug|ARM
		{FAE3060E-59CF-40C0-9E9B-6DF68AE1AA0B}.Debug|ARM.Deploy.0 = Debug|ARM
		{FAE3060E-59CF-40C0-9E9B-6DF68AE1AA0B}.Debug|x64.ActiveCfg = Debug|x64
		{FAE3060E-59CF-40C0-9E9B-6DF68AE1AA0B}.Debug|x64.Build.0 = Debug|x64
		{FAE3060E-59CF-40C0-9E9B-6DF68AE1AA0B}.Debug|x64.Deploy.0 = Debug|x64
		{FAE3060E-59CF-40C0-9E9B-6DF68AE1AA0B}.Debug|x86.ActiveCfg = Debug|x86
		{FAE3060E-59CF-40C0-9E9B-6DF68AE1AA0B}.Debug|x86.Build.0 = Debug|x86
		{FAE3060E-59CF-40C0-9E9B-6DF68AE1AA0B}.Debug|x86.Deploy.0 = Debug|x86
		{FAE3060E-59CF-40C0-9E9B-6DF68AE1AA0B}.Release|ARM.ActiveCfg = Release|ARM
		{FAE3060E-59CF-40C0-9E9B-6DF68AE1AA0B}.Release|ARM.Build.0 = Release|ARM
		{FAE3060E-59CF-40C0-9E9B-6DF68AE1AA0B}.Release|ARM.Deploy.0 = Release|ARM
		{FAE3060E-59CF-40C0-9E9B-6DF68AE1AA0B}.Release|x64.ActiveCfg = Release|x64
		{FAE3060E-59CF-40C0-9E9B-6DF68AE1AA0B}.Release|x64.Build.0 = Release|x64
		{FAE3060E-59CF-40C0-9E9B-6DF68AE1AA0B}.Release|x64.Deploy.0 = Release|x64
		{FAE3060E-59CF-40C0-9E9B-6DF68AE1AA0B}.Release|x86.ActiveCfg = Release|x86
		{FAE3060E-59CF-40C0-9E9B-6DF68AE1AA0B}.Release|x86.Build.0 = Release|x86
		{FAE3060E-59CF-40C0-9E9B-6DF68AE1AA0B}.Release|x86.Deploy.0 = Release|x86
	EndGlobalSection
	GlobalSection(SolutionProperties) = preSolution
		HideSolutionNode = FALSE
	EndGlobalSection
	GlobalSection(ExtensibilityGlobals) = postSolution
		SolutionGuid = {418B2877-1F48-4740-A58F-6F15BF5A6A67}
	EndGlobalSection
EndGlobal
